
Microsoft Visual Studio Solution File, Format Version 12.00
# Visual Studio Version 16
VisualStudioVersion = 16.0.31112.23
MinimumVisualStudioVersion = 10.0.40219.1
Project("{FAE04EC0-301F-11D3-BF4B-00C04F79EFBC}") = "OpcUaTest2", "OpcUaTest2\OpcUaTest2.csproj", "{AECB2D23-66E8-4E9F-B442-ED29DAA2A465}"
EndProject
Global
	GlobalSection(SolutionConfigurationPlatforms) = preSolution
		Debug|Any CPU = Debug|Any CPU
		Release|Any CPU = Release|Any CPU
	EndGlobalSection
	GlobalSection(ProjectConfigurationPlatforms) = postSolution
		{AECB2D23-66E8-4E9F-B442-ED29DAA2A465}.Debug|Any CPU.ActiveCfg = Debug|Any CPU
		{AECB2D23-66E8-4E9F-B442-ED29DAA2A465}.Debug|Any CPU.Build.0 = Debug|Any CPU
		{AECB2D23-66E8-4E9F-B442-ED29DAA2A465}.Release|Any CPU.ActiveCfg = Release|Any CPU
		{AECB2D23-66E8-4E9F-B442-ED29DAA2A465}.Release|Any CPU.Build.0 = Release|Any CPU
	EndGlobalSection
	GlobalSection(SolutionProperties) = preSolution
		HideSolutionNode = FALSE
	EndGlobalSection
	GlobalSection(ExtensibilityGlobals) = postSolution
		SolutionGuid = {493EF71E-3FB0-40BA-AC71-69EAAC4E638D}
	EndGlobalSection
EndGlobal
